// !$*UTF8*$!
{
	archiveVersion = 1;
	classes = {
	};
	objectVersion = 48;
	objects = {

/* Begin PBXBuildFile section */
		6260FF6E1F7387C700D8043E /* LoadingView.swift in Sources */ = {isa = PBXBuildFile; fileRef = 6260FF6D1F7387C700D8043E /* LoadingView.swift */; };
		6260FF701F738A2B00D8043E /* Extensions.swift in Sources */ = {isa = PBXBuildFile; fileRef = 6260FF6F1F738A2B00D8043E /* Extensions.swift */; };
		6260FF721F738FAA00D8043E /* MatchupView.swift in Sources */ = {isa = PBXBuildFile; fileRef = 6260FF711F738FAA00D8043E /* MatchupView.swift */; };
		626E72F31F72473100B17884 /* AppDelegate.swift in Sources */ = {isa = PBXBuildFile; fileRef = 626E72F21F72473100B17884 /* AppDelegate.swift */; };
		626E72F71F72473100B17884 /* SecondViewController.swift in Sources */ = {isa = PBXBuildFile; fileRef = 626E72F61F72473100B17884 /* SecondViewController.swift */; };
		626E72FA1F72473100B17884 /* Main.storyboard in Resources */ = {isa = PBXBuildFile; fileRef = 626E72F81F72473100B17884 /* Main.storyboard */; };
		626E72FC1F72473100B17884 /* Assets.xcassets in Resources */ = {isa = PBXBuildFile; fileRef = 626E72FB1F72473100B17884 /* Assets.xcassets */; };
		626E72FF1F72473100B17884 /* LaunchScreen.storyboard in Resources */ = {isa = PBXBuildFile; fileRef = 626E72FD1F72473100B17884 /* LaunchScreen.storyboard */; };
		628B0C161F84A55C00568B7B /* Podfile in Resources */ = {isa = PBXBuildFile; fileRef = 628B0C151F84A55C00568B7B /* Podfile */; };
		62F528611F73778100978A19 /* LobbiesViewController.swift in Sources */ = {isa = PBXBuildFile; fileRef = 62F528601F73778100978A19 /* LobbiesViewController.swift */; };
		62F528631F7378C700978A19 /* Lobby.swift in Sources */ = {isa = PBXBuildFile; fileRef = 62F528621F7378C700978A19 /* Lobby.swift */; };
		62F528651F73794100978A19 /* Lobbies.json in Resources */ = {isa = PBXBuildFile; fileRef = 62F528641F73794100978A19 /* Lobbies.json */; };
		62F528671F7379EC00978A19 /* Backend.swift in Sources */ = {isa = PBXBuildFile; fileRef = 62F528661F7379EC00978A19 /* Backend.swift */; };
		62F528691F7381A300978A19 /* WaitingViewController.swift in Sources */ = {isa = PBXBuildFile; fileRef = 62F528681F7381A300978A19 /* WaitingViewController.swift */; };
		9D6ED77FFDD37DC9A23E1D85 /* Pods_TriviaRich_iOS.framework in Frameworks */ = {isa = PBXBuildFile; fileRef = ACA53BE34C02531BE3810286 /* Pods_TriviaRich_iOS.framework */; };
/* End PBXBuildFile section */

/* Begin PBXFileReference section */
		43E515E622169F2DC2501419 /* Pods-TriviaRich-iOS.debug.xcconfig */ = {isa = PBXFileReference; includeInIndex = 1; lastKnownFileType = text.xcconfig; name = "Pods-TriviaRich-iOS.debug.xcconfig"; path = "Pods/Target Support Files/Pods-TriviaRich-iOS/Pods-TriviaRich-iOS.debug.xcconfig"; sourceTree = "<group>"; };
		6260FF6D1F7387C700D8043E /* LoadingView.swift */ = {isa = PBXFileReference; lastKnownFileType = sourcecode.swift; path = LoadingView.swift; sourceTree = "<group>"; };
		6260FF6F1F738A2B00D8043E /* Extensions.swift */ = {isa = PBXFileReference; lastKnownFileType = sourcecode.swift; path = Extensions.swift; sourceTree = "<group>"; };
		6260FF711F738FAA00D8043E /* MatchupView.swift */ = {isa = PBXFileReference; lastKnownFileType = sourcecode.swift; path = MatchupView.swift; sourceTree = "<group>"; };
		626E72EF1F72473100B17884 /* TriviaRich-iOS.app */ = {isa = PBXFileReference; explicitFileType = wrapper.application; includeInIndex = 0; path = "TriviaRich-iOS.app"; sourceTree = BUILT_PRODUCTS_DIR; };
		626E72F21F72473100B17884 /* AppDelegate.swift */ = {isa = PBXFileReference; lastKnownFileType = sourcecode.swift; path = AppDelegate.swift; sourceTree = "<group>"; };
		626E72F61F72473100B17884 /* SecondViewController.swift */ = {isa = PBXFileReference; lastKnownFileType = sourcecode.swift; path = SecondViewController.swift; sourceTree = "<group>"; };
		626E72F91F72473100B17884 /* Base */ = {isa = PBXFileReference; lastKnownFileType = file.storyboard; name = Base; path = Base.lproj/Main.storyboard; sourceTree = "<group>"; };
		626E72FB1F72473100B17884 /* Assets.xcassets */ = {isa = PBXFileReference; lastKnownFileType = folder.assetcatalog; path = Assets.xcassets; sourceTree = "<group>"; };
		626E72FE1F72473100B17884 /* Base */ = {isa = PBXFileReference; lastKnownFileType = file.storyboard; name = Base; path = Base.lproj/LaunchScreen.storyboard; sourceTree = "<group>"; };
		626E73001F72473100B17884 /* Info.plist */ = {isa = PBXFileReference; lastKnownFileType = text.plist.xml; path = Info.plist; sourceTree = "<group>"; };
		628B0C151F84A55C00568B7B /* Podfile */ = {isa = PBXFileReference; fileEncoding = 4; lastKnownFileType = text; path = Podfile; sourceTree = "<group>"; };
		62F528601F73778100978A19 /* LobbiesViewController.swift */ = {isa = PBXFileReference; lastKnownFileType = sourcecode.swift; path = LobbiesViewController.swift; sourceTree = "<group>"; };
		62F528621F7378C700978A19 /* Lobby.swift */ = {isa = PBXFileReference; lastKnownFileType = sourcecode.swift; path = Lobby.swift; sourceTree = "<group>"; };
		62F528641F73794100978A19 /* Lobbies.json */ = {isa = PBXFileReference; lastKnownFileType = text.json; path = Lobbies.json; sourceTree = "<group>"; };
		62F528661F7379EC00978A19 /* Backend.swift */ = {isa = PBXFileReference; lastKnownFileType = sourcecode.swift; path = Backend.swift; sourceTree = "<group>"; };
		62F528681F7381A300978A19 /* WaitingViewController.swift */ = {isa = PBXFileReference; lastKnownFileType = sourcecode.swift; path = WaitingViewController.swift; sourceTree = "<group>"; };
		8389CA0050CF8A6818F4CB5B /* Pods-TriviaRich-iOS.release.xcconfig */ = {isa = PBXFileReference; includeInIndex = 1; lastKnownFileType = text.xcconfig; name = "Pods-TriviaRich-iOS.release.xcconfig"; path = "Pods/Target Support Files/Pods-TriviaRich-iOS/Pods-TriviaRich-iOS.release.xcconfig"; sourceTree = "<group>"; };
		ACA53BE34C02531BE3810286 /* Pods_TriviaRich_iOS.framework */ = {isa = PBXFileReference; explicitFileType = wrapper.framework; includeInIndex = 0; path = Pods_TriviaRich_iOS.framework; sourceTree = BUILT_PRODUCTS_DIR; };
/* End PBXFileReference section */

/* Begin PBXFrameworksBuildPhase section */
		626E72EC1F72473100B17884 /* Frameworks */ = {
			isa = PBXFrameworksBuildPhase;
			buildActionMask = 2147483647;
			files = (
				9D6ED77FFDD37DC9A23E1D85 /* Pods_TriviaRich_iOS.framework in Frameworks */,
			);
			runOnlyForDeploymentPostprocessing = 0;
		};
/* End PBXFrameworksBuildPhase section */

/* Begin PBXGroup section */
		2BF9EC9C440E99D9B4B9E96D /* Pods */ = {
			isa = PBXGroup;
			children = (
				43E515E622169F2DC2501419 /* Pods-TriviaRich-iOS.debug.xcconfig */,
				8389CA0050CF8A6818F4CB5B /* Pods-TriviaRich-iOS.release.xcconfig */,
			);
			name = Pods;
			sourceTree = "<group>";
		};
		626E72E61F72473100B17884 = {
			isa = PBXGroup;
			children = (
				628B0C151F84A55C00568B7B /* Podfile */,
				626E72F11F72473100B17884 /* TriviaRich-iOS */,
				626E72F01F72473100B17884 /* Products */,
				2BF9EC9C440E99D9B4B9E96D /* Pods */,
				CD1CB3F50147C5F49FCD910A /* Frameworks */,
			);
			sourceTree = "<group>";
		};
		626E72F01F72473100B17884 /* Products */ = {
			isa = PBXGroup;
			children = (
				626E72EF1F72473100B17884 /* TriviaRich-iOS.app */,
			);
			name = Products;
			sourceTree = "<group>";
		};
		626E72F11F72473100B17884 /* TriviaRich-iOS */ = {
			isa = PBXGroup;
			children = (
				62F528641F73794100978A19 /* Lobbies.json */,
				626E73001F72473100B17884 /* Info.plist */,
				626E72F21F72473100B17884 /* AppDelegate.swift */,
				62F528661F7379EC00978A19 /* Backend.swift */,
				6260FF6F1F738A2B00D8043E /* Extensions.swift */,
				6260FF6D1F7387C700D8043E /* LoadingView.swift */,
				62F528601F73778100978A19 /* LobbiesViewController.swift */,
				62F528621F7378C700978A19 /* Lobby.swift */,
				6260FF711F738FAA00D8043E /* MatchupView.swift */,
				626E72F61F72473100B17884 /* SecondViewController.swift */,
				62F528681F7381A300978A19 /* WaitingViewController.swift */,
				626E72FB1F72473100B17884 /* Assets.xcassets */,
				626E72FD1F72473100B17884 /* LaunchScreen.storyboard */,
				626E72F81F72473100B17884 /* Main.storyboard */,
			);
			path = "TriviaRich-iOS";
			sourceTree = "<group>";
		};
		CD1CB3F50147C5F49FCD910A /* Frameworks */ = {
			isa = PBXGroup;
			children = (
				ACA53BE34C02531BE3810286 /* Pods_TriviaRich_iOS.framework */,
			);
			name = Frameworks;
			sourceTree = "<group>";
		};
/* End PBXGroup section */

/* Begin PBXNativeTarget section */
		626E72EE1F72473100B17884 /* TriviaRich-iOS */ = {
			isa = PBXNativeTarget;
			buildConfigurationList = 626E73031F72473100B17884 /* Build configuration list for PBXNativeTarget "TriviaRich-iOS" */;
			buildPhases = (
				AECD7E8EA7F5CCE7BAB7FC16 /* [CP] Check Pods Manifest.lock */,
				626E72EB1F72473100B17884 /* Sources */,
				626E72EC1F72473100B17884 /* Frameworks */,
				626E72ED1F72473100B17884 /* Resources */,
				0CC44D9F36BFAD6177DDCD5D /* [CP] Embed Pods Frameworks */,
				22819A45246E783288967877 /* [CP] Copy Pods Resources */,
			);
			buildRules = (
			);
			dependencies = (
			);
			name = "TriviaRich-iOS";
			productName = "TriviaRich-iOS";
			productReference = 626E72EF1F72473100B17884 /* TriviaRich-iOS.app */;
			productType = "com.apple.product-type.application";
		};
/* End PBXNativeTarget section */

/* Begin PBXProject section */
		626E72E71F72473100B17884 /* Project object */ = {
			isa = PBXProject;
			attributes = {
				LastSwiftUpdateCheck = 0900;
				LastUpgradeCheck = 0900;
				ORGANIZATIONNAME = com.rigdon;
				TargetAttributes = {
					626E72EE1F72473100B17884 = {
						CreatedOnToolsVersion = 9.0;
						ProvisioningStyle = Automatic;
					};
				};
			};
			buildConfigurationList = 626E72EA1F72473100B17884 /* Build configuration list for PBXProject "TriviaRich-iOS" */;
			compatibilityVersion = "Xcode 8.0";
			developmentRegion = en;
			hasScannedForEncodings = 0;
			knownRegions = (
				en,
				Base,
			);
			mainGroup = 626E72E61F72473100B17884;
			productRefGroup = 626E72F01F72473100B17884 /* Products */;
			projectDirPath = "";
			projectRoot = "";
			targets = (
				626E72EE1F72473100B17884 /* TriviaRich-iOS */,
			);
		};
/* End PBXProject section */

/* Begin PBXResourcesBuildPhase section */
		626E72ED1F72473100B17884 /* Resources */ = {
			isa = PBXResourcesBuildPhase;
			buildActionMask = 2147483647;
			files = (
				628B0C161F84A55C00568B7B /* Podfile in Resources */,
				62F528651F73794100978A19 /* Lobbies.json in Resources */,
				626E72FF1F72473100B17884 /* LaunchScreen.storyboard in Resources */,
				626E72FC1F72473100B17884 /* Assets.xcassets in Resources */,
				626E72FA1F72473100B17884 /* Main.storyboard in Resources */,
			);
			runOnlyForDeploymentPostprocessing = 0;
		};
/* End PBXResourcesBuildPhase section */

/* Begin PBXShellScriptBuildPhase section */
		0CC44D9F36BFAD6177DDCD5D /* [CP] Embed Pods Frameworks */ = {
			isa = PBXShellScriptBuildPhase;
			buildActionMask = 2147483647;
			files = (
			);
			inputPaths = (
				"${SRCROOT}/Pods/Target Support Files/Pods-TriviaRich-iOS/Pods-TriviaRich-iOS-frameworks.sh",
				"${BUILT_PRODUCTS_DIR}/SnapKit/SnapKit.framework",
			);
			name = "[CP] Embed Pods Frameworks";
			outputPaths = (
				"${TARGET_BUILD_DIR}/${FRAMEWORKS_FOLDER_PATH}/SnapKit.framework",
			);
			runOnlyForDeploymentPostprocessing = 0;
			shellPath = /bin/sh;
			shellScript = "\"${SRCROOT}/Pods/Target Support Files/Pods-TriviaRich-iOS/Pods-TriviaRich-iOS-frameworks.sh\"\n";
			showEnvVarsInLog = 0;
		};
		22819A45246E783288967877 /* [CP] Copy Pods Resources */ = {
			isa = PBXShellScriptBuildPhase;
			buildActionMask = 2147483647;
			files = (
			);
			inputPaths = (
			);
			name = "[CP] Copy Pods Resources";
			outputPaths = (
			);
			runOnlyForDeploymentPostprocessing = 0;
			shellPath = /bin/sh;
			shellScript = "\"${SRCROOT}/Pods/Target Support Files/Pods-TriviaRich-iOS/Pods-TriviaRich-iOS-resources.sh\"\n";
			showEnvVarsInLog = 0;
		};
		AECD7E8EA7F5CCE7BAB7FC16 /* [CP] Check Pods Manifest.lock */ = {
			isa = PBXShellScriptBuildPhase;
			buildActionMask = 2147483647;
			files = (
			);
			inputPaths = (
				"${PODS_PODFILE_DIR_PATH}/Podfile.lock",
				"${PODS_ROOT}/Manifest.lock",
			);
			name = "[CP] Check Pods Manifest.lock";
			outputPaths = (
				"$(DERIVED_FILE_DIR)/Pods-TriviaRich-iOS-checkManifestLockResult.txt",
			);
			runOnlyForDeploymentPostprocessing = 0;
			shellPath = /bin/sh;
			shellScript = "diff \"${PODS_PODFILE_DIR_PATH}/Podfile.lock\" \"${PODS_ROOT}/Manifest.lock\" > /dev/null\nif [ $? != 0 ] ; then\n    # print error to STDERR\n    echo \"error: The sandbox is not in sync with the Podfile.lock. Run 'pod install' or update your CocoaPods installation.\" >&2\n    exit 1\nfi\n# This output is used by Xcode 'outputs' to avoid re-running this script phase.\necho \"SUCCESS\" > \"${SCRIPT_OUTPUT_FILE_0}\"\n";
			showEnvVarsInLog = 0;
		};
/* End PBXShellScriptBuildPhase section */

/* Begin PBXSourcesBuildPhase section */
		626E72EB1F72473100B17884 /* Sources */ = {
			isa = PBXSourcesBuildPhase;
			buildActionMask = 2147483647;
			files = (
				626E72F71F72473100B17884 /* SecondViewController.swift in Sources */,
				6260FF701F738A2B00D8043E /* Extensions.swift in Sources */,
				62F528631F7378C700978A19 /* Lobby.swift in Sources */,
				6260FF721F738FAA00D8043E /* MatchupView.swift in Sources */,
				62F528671F7379EC00978A19 /* Backend.swift in Sources */,
				62F528691F7381A300978A19 /* WaitingViewController.swift in Sources */,
				626E72F31F72473100B17884 /* AppDelegate.swift in Sources */,
				6260FF6E1F7387C700D8043E /* LoadingView.swift in Sources */,
				62F528611F73778100978A19 /* LobbiesViewController.swift in Sources */,
			);
			runOnlyForDeploymentPostprocessing = 0;
		};
/* End PBXSourcesBuildPhase section */

/* Begin PBXVariantGroup section */
		626E72F81F72473100B17884 /* Main.storyboard */ = {
			isa = PBXVariantGroup;
			children = (
				626E72F91F72473100B17884 /* Base */,
			);
			name = Main.storyboard;
			sourceTree = "<group>";
		};
		626E72FD1F72473100B17884 /* LaunchScreen.storyboard */ = {
			isa = PBXVariantGroup;
			children = (
				626E72FE1F72473100B17884 /* Base */,
			);
			name = LaunchScreen.storyboard;
			sourceTree = "<group>";
		};
/* End PBXVariantGroup section */

/* Begin XCBuildConfiguration section */
		626E73011F72473100B17884 /* Debug */ = {
			isa = XCBuildConfiguration;
			buildSettings = {
				ALWAYS_SEARCH_USER_PATHS = NO;
				CLANG_ANALYZER_NONNULL = YES;
				CLANG_ANALYZER_NUMBER_OBJECT_CONVERSION = YES_AGGRESSIVE;
				CLANG_CXX_LANGUAGE_STANDARD = "gnu++14";
				CLANG_CXX_LIBRARY = "libc++";
				CLANG_ENABLE_MODULES = YES;
				CLANG_ENABLE_OBJC_ARC = YES;
				CLANG_WARN_BLOCK_CAPTURE_AUTORELEASING = YES;
				CLANG_WARN_BOOL_CONVERSION = YES;
				CLANG_WARN_COMMA = YES;
				CLANG_WARN_CONSTANT_CONVERSION = YES;
				CLANG_WARN_DIRECT_OBJC_ISA_USAGE = YES_ERROR;
				CLANG_WARN_DOCUMENTATION_COMMENTS = YES;
				CLANG_WARN_EMPTY_BODY = YES;
				CLANG_WARN_ENUM_CONVERSION = YES;
				CLANG_WARN_INFINITE_RECURSION = YES;
				CLANG_WARN_INT_CONVERSION = YES;
				CLANG_WARN_NON_LITERAL_NULL_CONVERSION = YES;
				CLANG_WARN_OBJC_LITERAL_CONVERSION = YES;
				CLANG_WARN_OBJC_ROOT_CLASS = YES_ERROR;
				CLANG_WARN_RANGE_LOOP_ANALYSIS = YES;
				CLANG_WARN_STRICT_PROTOTYPES = YES;
				CLANG_WARN_SUSPICIOUS_MOVE = YES;
				CLANG_WARN_UNGUARDED_AVAILABILITY = YES_AGGRESSIVE;
				CLANG_WARN_UNREACHABLE_CODE = YES;
				CLANG_WARN__DUPLICATE_METHOD_MATCH = YES;
				CODE_SIGN_IDENTITY = "iPhone Developer";
				COPY_PHASE_STRIP = NO;
				DEBUG_INFORMATION_FORMAT = dwarf;
				ENABLE_STRICT_OBJC_MSGSEND = YES;
				ENABLE_TESTABILITY = YES;
				GCC_C_LANGUAGE_STANDARD = gnu11;
				GCC_DYNAMIC_NO_PIC = NO;
				GCC_NO_COMMON_BLOCKS = YES;
				GCC_OPTIMIZATION_LEVEL = 0;
				GCC_PREPROCESSOR_DEFINITIONS = (
					"DEBUG=1",
					"$(inherited)",
				);
				GCC_WARN_64_TO_32_BIT_CONVERSION = YES;
				GCC_WARN_ABOUT_RETURN_TYPE = YES_ERROR;
				GCC_WARN_UNDECLARED_SELECTOR = YES;
				GCC_WARN_UNINITIALIZED_AUTOS = YES_AGGRESSIVE;
				GCC_WARN_UNUSED_FUNCTION = YES;
				GCC_WARN_UNUSED_VARIABLE = YES;
				IPHONEOS_DEPLOYMENT_TARGET = 11.0;
				MTL_ENABLE_DEBUG_INFO = YES;
				ONLY_ACTIVE_ARCH = YES;
				SDKROOT = iphoneos;
				SWIFT_ACTIVE_COMPILATION_CONDITIONS = DEBUG;
				SWIFT_OPTIMIZATION_LEVEL = "-Onone";
			};
			name = Debug;
		};
		626E73021F72473100B17884 /* Release */ = {
			isa = XCBuildConfiguration;
			buildSettings = {
				ALWAYS_SEARCH_USER_PATHS = NO;
				CLANG_ANALYZER_NONNULL = YES;
				CLANG_ANALYZER_NUMBER_OBJECT_CONVERSION = YES_AGGRESSIVE;
				CLANG_CXX_LANGUAGE_STANDARD = "gnu++14";
				CLANG_CXX_LIBRARY = "libc++";
				CLANG_ENABLE_MODULES = YES;
				CLANG_ENABLE_OBJC_ARC = YES;
				CLANG_WARN_BLOCK_CAPTURE_AUTORELEASING = YES;
				CLANG_WARN_BOOL_CONVERSION = YES;
				CLANG_WARN_COMMA = YES;
				CLANG_WARN_CONSTANT_CONVERSION = YES;
				CLANG_WARN_DIRECT_OBJC_ISA_USAGE = YES_ERROR;
				CLANG_WARN_DOCUMENTATION_COMMENTS = YES;
				CLANG_WARN_EMPTY_BODY = YES;
				CLANG_WARN_ENUM_CONVERSION = YES;
				CLANG_WARN_INFINITE_RECURSION = YES;
				CLANG_WARN_INT_CONVERSION = YES;
				CLANG_WARN_NON_LITERAL_NULL_CONVERSION = YES;
				CLANG_WARN_OBJC_LITERAL_CONVERSION = YES;
				CLANG_WARN_OBJC_ROOT_CLASS = YES_ERROR;
				CLANG_WARN_RANGE_LOOP_ANALYSIS = YES;
				CLANG_WARN_STRICT_PROTOTYPES = YES;
				CLANG_WARN_SUSPICIOUS_MOVE = YES;
				CLANG_WARN_UNGUARDED_AVAILABILITY = YES_AGGRESSIVE;
				CLANG_WARN_UNREACHABLE_CODE = YES;
				CLANG_WARN__DUPLICATE_METHOD_MATCH = YES;
				CODE_SIGN_IDENTITY = "iPhone Developer";
				COPY_PHASE_STRIP = NO;
				DEBUG_INFORMATION_FORMAT = "dwarf-with-dsym";
				ENABLE_NS_ASSERTIONS = NO;
				ENABLE_STRICT_OBJC_MSGSEND = YES;
				GCC_C_LANGUAGE_STANDARD = gnu11;
				GCC_NO_COMMON_BLOCKS = YES;
				GCC_WARN_64_TO_32_BIT_CONVERSION = YES;
				GCC_WARN_ABOUT_RETURN_TYPE = YES_ERROR;
				GCC_WARN_UNDECLARED_SELECTOR = YES;
				GCC_WARN_UNINITIALIZED_AUTOS = YES_AGGRESSIVE;
				GCC_WARN_UNUSED_FUNCTION = YES;
				GCC_WARN_UNUSED_VARIABLE = YES;
				IPHONEOS_DEPLOYMENT_TARGET = 11.0;
				MTL_ENABLE_DEBUG_INFO = NO;
				SDKROOT = iphoneos;
				SWIFT_OPTIMIZATION_LEVEL = "-Owholemodule";
				VALIDATE_PRODUCT = YES;
			};
			name = Release;
		};
		626E73041F72473100B17884 /* Debug */ = {
			isa = XCBuildConfiguration;
			baseConfigurationReference = 43E515E622169F2DC2501419 /* Pods-TriviaRich-iOS.debug.xcconfig */;
			buildSettings = {
				ASSETCATALOG_COMPILER_APPICON_NAME = AppIcon;
				CODE_SIGN_STYLE = Automatic;
				DEVELOPMENT_TEAM = L58EF955F5;
				INFOPLIST_FILE = "TriviaRich-iOS/Info.plist";
				LD_RUNPATH_SEARCH_PATHS = "$(inherited) @executable_path/Frameworks";
				PRODUCT_BUNDLE_IDENTIFIER = "com.rigdon.TriviaRich-iOS";
				PRODUCT_NAME = "$(TARGET_NAME)";
				SWIFT_VERSION = 4.0;
				TARGETED_DEVICE_FAMILY = "1,2";
			};
			name = Debug;
		};
		626E73051F72473100B17884 /* Release */ = {
			isa = XCBuildConfiguration;
			baseConfigurationReference = 8389CA0050CF8A6818F4CB5B /* Pods-TriviaRich-iOS.release.xcconfig */;
			buildSettings = {
				ASSETCATALOG_COMPILER_APPICON_NAME = AppIcon;
				CODE_SIGN_STYLE = Automatic;
				DEVELOPMENT_TEAM = L58EF955F5;
				INFOPLIST_FILE = "TriviaRich-iOS/Info.plist";
				LD_RUNPATH_SEARCH_PATHS = "$(inherited) @executable_path/Frameworks";
				PRODUCT_BUNDLE_IDENTIFIER = "com.rigdon.TriviaRich-iOS";
				PRODUCT_NAME = "$(TARGET_NAME)";
				SWIFT_VERSION = 4.0;
				TARGETED_DEVICE_FAMILY = "1,2";
			};
			name = Release;
		};
/* End XCBuildConfiguration section */

/* Begin XCConfigurationList section */
		626E72EA1F72473100B17884 /* Build configuration list for PBXProject "TriviaRich-iOS" */ = {
			isa = XCConfigurationList;
			buildConfigurations = (
				626E73011F72473100B17884 /* Debug */,
				626E73021F72473100B17884 /* Release */,
			);
			defaultConfigurationIsVisible = 0;
			defaultConfigurationName = Release;
		};
		626E73031F72473100B17884 /* Build configuration list for PBXNativeTarget "TriviaRich-iOS" */ = {
			isa = XCConfigurationList;
			buildConfigurations = (
				626E73041F72473100B17884 /* Debug */,
				626E73051F72473100B17884 /* Release */,
			);
			defaultConfigurationIsVisible = 0;
			defaultConfigurationName = Release;
		};
/* End XCConfigurationList section */
	};
	rootObject = 626E72E71F72473100B17884 /* Project object */;
}
